
Microsoft Visual Studio Solution File, Format Version 12.00
# Visual Studio Version 17
VisualStudioVersion = 17.3.32819.101
MinimumVisualStudioVersion = 10.0.40219.1
Project("{F2A71F9B-5D33-465A-A702-920D77279786}") = "Shader Minifier Library", "Shader Minifier Library.fsproj", "{059C6AF3-1877-4698-BE34-BF7EB55D060A}"
EndProject
Project("{F2A71F9B-5D33-465A-A702-920D77279786}") = "Checker", "Checker\Checker.fsproj", "{CF735CB3-7698-41DA-9E91-69D0057087CB}"
	ProjectSection(ProjectDependencies) = postProject
		{059C6AF3-1877-4698-BE34-BF7EB55D060A} = {059C6AF3-1877-4698-BE34-BF7EB55D060A}
	EndProjectSection
EndProject
Project("{F2A71F9B-5D33-465A-A702-920D77279786}") = "Shader Minifier", "Shader Minifier.fsproj", "{7A0B4487-C3F6-4753-9C8D-FEE09049F52D}"
EndProject
Project("{6EC3EE1D-3C4E-46DD-8F32-0CC8E7565705}") = "SMBolero.Client", "SMBolero.Client\SMBolero.Client.fsproj", "{2DF47B2C-A68C-430C-B23F-BF51F68DF74D}"
EndProject
Project("{6EC3EE1D-3C4E-46DD-8F32-0CC8E7565705}") = "SMBolero.Server", "SMBolero.Server\SMBolero.Server.fsproj", "{C1A4652F-0F92-4530-B1C8-2AAC9C383650}"
EndProject
Global
	GlobalSection(SolutionConfigurationPlatforms) = preSolution
		Debug|Any CPU = Debug|Any CPU
		Release|Any CPU = Release|Any CPU
	EndGlobalSection
	GlobalSection(ProjectConfigurationPlatforms) = postSolution
		{059C6AF3-1877-4698-BE34-BF7EB55D060A}.Debug|Any CPU.ActiveCfg = Debug|Any CPU
		{059C6AF3-1877-4698-BE34-BF7EB55D060A}.Debug|Any CPU.Build.0 = Debug|Any CPU
		{059C6AF3-1877-4698-BE34-BF7EB55D060A}.Release|Any CPU.ActiveCfg = Release|Any CPU
		{059C6AF3-1877-4698-BE34-BF7EB55D060A}.Release|Any CPU.Build.0 = Release|Any CPU
		{CF735CB3-7698-41DA-9E91-69D0057087CB}.Debug|Any CPU.ActiveCfg = Debug|Any CPU
		{CF735CB3-7698-41DA-9E91-69D0057087CB}.Debug|Any CPU.Build.0 = Debug|Any CPU
		{CF735CB3-7698-41DA-9E91-69D0057087CB}.Release|Any CPU.ActiveCfg = Release|Any CPU
		{CF735CB3-7698-41DA-9E91-69D0057087CB}.Release|Any CPU.Build.0 = Release|Any CPU
		{7A0B4487-C3F6-4753-9C8D-FEE09049F52D}.Debug|Any CPU.ActiveCfg = Debug|Any CPU
		{7A0B4487-C3F6-4753-9C8D-FEE09049F52D}.Debug|Any CPU.Build.0 = Debug|Any CPU
		{7A0B4487-C3F6-4753-9C8D-FEE09049F52D}.Release|Any CPU.ActiveCfg = Release|Any CPU
		{7A0B4487-C3F6-4753-9C8D-FEE09049F52D}.Release|Any CPU.Build.0 = Release|Any CPU
		{2DF47B2C-A68C-430C-B23F-BF51F68DF74D}.Debug|Any CPU.ActiveCfg = Debug|Any CPU
		{2DF47B2C-A68C-430C-B23F-BF51F68DF74D}.Debug|Any CPU.Build.0 = Debug|Any CPU
		{2DF47B2C-A68C-430C-B23F-BF51F68DF74D}.Release|Any CPU.ActiveCfg = Release|Any CPU
		{2DF47B2C-A68C-430C-B23F-BF51F68DF74D}.Release|Any CPU.Build.0 = Release|Any CPU
		{C1A4652F-0F92-4530-B1C8-2AAC9C383650}.Debug|Any CPU.ActiveCfg = Debug|Any CPU
		{C1A4652F-0F92-4530-B1C8-2AAC9C383650}.Debug|Any CPU.Build.0 = Debug|Any CPU
		{C1A4652F-0F92-4530-B1C8-2AAC9C383650}.Release|Any CPU.ActiveCfg = Release|Any CPU
		{C1A4652F-0F92-4530-B1C8-2AAC9C383650}.Release|Any CPU.Build.0 = Release|Any CPU
	EndGlobalSection
	GlobalSection(SolutionProperties) = preSolution
		HideSolutionNode = FALSE
	EndGlobalSection
	GlobalSection(ExtensibilityGlobals) = postSolution
		SolutionGuid = {0FF87597-650A-442F-BCAD-095B520AF893}
	EndGlobalSection
EndGlobal
